lockfileVersion: 5.4

specifiers:
  '@types/hast': ^3.0.0
  hast: ^1.0.0
  typescript: ^5.1.6
  unified: ^10.1.2
  vfile: ^6.0.1

devDependencies:
  '@types/hast': registry.npmmirror.com/@types/hast/3.0.0
  hast: registry.npmmirror.com/hast/1.0.0
  typescript: registry.npmmirror.com/typescript/5.1.6
  unified: registry.npmmirror.com/unified/10.1.2
  vfile: registry.npmmirror.com/vfile/6.0.1

packages:

  registry.npmmirror.com/@types/hast/3.0.0:
    resolution: {integrity: sha512-SoytUJRuf68HXYqcXicQIhCrLQjqeYU2anikr4G3p3Iz+OZO5QDQpDj++gv+RenHsnUBwNZ2dumBArF8VLSk2Q==, registry: https://registry.npm.taobao.org/, tarball: https://registry.npmmirror.com/@types/hast/-/hast-3.0.0.tgz}
    name: '@types/hast'
    version: 3.0.0
    dependencies:
      '@types/unist': registry.npmmirror.com/@types/unist/2.0.6
    dev: true

  registry.npmmirror.com/@types/unist/2.0.6:
    resolution: {integrity: sha512-PBjIUxZHOuj0R15/xuwJYjFi+KZdNFrehocChv4g5hu6aFroHue8m0lBP0POdK2nKzbw0cgV1mws8+V/JAcEkQ==, registry: https://registry.npm.taobao.org/, tarball: https://registry.npmmirror.com/@types/unist/-/unist-2.0.6.tgz}
    name: '@types/unist'
    version: 2.0.6
    dev: true

  registry.npmmirror.com/@types/unist/3.0.0:
    resolution: {integrity: sha512-MFETx3tbTjE7Uk6vvnWINA/1iJ7LuMdO4fcq8UfF0pRbj01aGLduVvQcRyswuACJdpnHgg8E3rQLhaRdNEJS0w==, registry: https://registry.npm.taobao.org/, tarball: https://registry.npmmirror.com/@types/unist/-/unist-3.0.0.tgz}
    name: '@types/unist'
    version: 3.0.0
    dev: true

  registry.npmmirror.com/bail/2.0.2:
    resolution: {integrity: sha512-0xO6mYd7JB2YesxDKplafRpsiOzPt9V02ddPCLbY1xYGPOX24NTyN50qnUxgCPcSoYMhKpAuBTjQoRZCAkUDRw==, registry: https://registry.npm.taobao.org/, tarball: https://registry.npmmirror.com/bail/-/bail-2.0.2.tgz}
    name: bail
    version: 2.0.2
    dev: true

  registry.npmmirror.com/extend/3.0.2:
    resolution: {integrity: sha512-fjquC59cD7CyW6urNXK0FBufkZcoiGG80wTuPujX590cB5Ttln20E2UB4S/WARVqhXffZl2LNgS+gQdPIIim/g==, registry: https://registry.npm.taobao.org/, tarball: https://registry.npmmirror.com/extend/-/extend-3.0.2.tgz}
    name: extend
    version: 3.0.2
    dev: true

  registry.npmmirror.com/hast/1.0.0:
    resolution: {integrity: sha512-vFUqlRV5C+xqP76Wwq2SrM0kipnmpxJm7OfvVXpB35Fp+Fn4MV+ozr+JZr5qFvyR1q/U+Foim2x+3P+x9S1PLA==, registry: https://registry.npm.taobao.org/, tarball: https://registry.npmmirror.com/hast/-/hast-1.0.0.tgz}
    name: hast
    version: 1.0.0
    deprecated: Renamed to rehype
    dev: true

  registry.npmmirror.com/is-buffer/2.0.5:
    resolution: {integrity: sha512-i2R6zNFDwgEHJyQUtJEk0XFi1i0dPFn/oqjK3/vPCcDeJvW5NQ83V8QbicfF1SupOaB0h8ntgBC2YiE7dfyctQ==, registry: https://registry.npm.taobao.org/, tarball: https://registry.npmmirror.com/is-buffer/-/is-buffer-2.0.5.tgz}
    name: is-buffer
    version: 2.0.5
    engines: {node: '>=4'}
    dev: true

  registry.npmmirror.com/is-plain-obj/4.1.0:
    resolution: {integrity: sha512-+Pgi+vMuUNkJyExiMBt5IlFoMyKnr5zhJ4Uspz58WOhBF5QoIZkFyNHIbBAtHwzVAgk5RtndVNsDRN61/mmDqg==, registry: https://registry.npm.taobao.org/, tarball: https://registry.npmmirror.com/is-plain-obj/-/is-plain-obj-4.1.0.tgz}
    name: is-plain-obj
    version: 4.1.0
    engines: {node: '>=12'}
    dev: true

  registry.npmmirror.com/trough/2.1.0:
    resolution: {integrity: sha512-AqTiAOLcj85xS7vQ8QkAV41hPDIJ71XJB4RCUrzo/1GM2CQwhkJGaf9Hgr7BOugMRpgGUrqRg/DrBDl4H40+8g==, registry: https://registry.npm.taobao.org/, tarball: https://registry.npmmirror.com/trough/-/trough-2.1.0.tgz}
    name: trough
    version: 2.1.0
    dev: true

  registry.npmmirror.com/typescript/5.1.6:
    resolution: {integrity: sha512-zaWCozRZ6DLEWAWFrVDz1H6FVXzUSfTy5FUMWsQlU8Ym5JP9eO4xkTIROFCQvhQf61z6O/G6ugw3SgAnvvm+HA==, registry: https://registry.npm.taobao.org/, tarball: https://registry.npmmirror.com/typescript/-/typescript-5.1.6.tgz}
    name: typescript
    version: 5.1.6
    engines: {node: '>=14.17'}
    hasBin: true
    dev: true

  registry.npmmirror.com/unified/10.1.2:
    resolution: {integrity: sha512-pUSWAi/RAnVy1Pif2kAoeWNBa3JVrx0MId2LASj8G+7AiHWoKZNTomq6LG326T68U7/e263X6fTdcXIy7XnF7Q==, registry: https://registry.npm.taobao.org/, tarball: https://registry.npmmirror.com/unified/-/unified-10.1.2.tgz}
    name: unified
    version: 10.1.2
    dependencies:
      '@types/unist': registry.npmmirror.com/@types/unist/2.0.6
      bail: registry.npmmirror.com/bail/2.0.2
      extend: registry.npmmirror.com/extend/3.0.2
      is-buffer: registry.npmmirror.com/is-buffer/2.0.5
      is-plain-obj: registry.npmmirror.com/is-plain-obj/4.1.0
      trough: registry.npmmirror.com/trough/2.1.0
      vfile: registry.npmmirror.com/vfile/5.3.4
    dev: true

  registry.npmmirror.com/unist-util-stringify-position/3.0.2:
    resolution: {integrity: sha512-7A6eiDCs9UtjcwZOcCpM4aPII3bAAGv13E96IkawkOAW0OhH+yRxtY0lzo8KiHpzEMfH7Q+FizUmwp8Iqy5EWg==, registry: https://registry.npm.taobao.org/, tarball: https://registry.npmmirror.com/unist-util-stringify-position/-/unist-util-stringify-position-3.0.2.tgz}
    name: unist-util-stringify-position
    version: 3.0.2
    dependencies:
      '@types/unist': registry.npmmirror.com/@types/unist/2.0.6
    dev: true

  registry.npmmirror.com/unist-util-stringify-position/4.0.0:
    resolution: {integrity: sha512-0ASV06AAoKCDkS2+xw5RXJywruurpbC4JZSm7nr7MOt1ojAzvyyaO+UxZf18j8FCF6kmzCZKcAgN/yu2gm2XgQ==, registry: https://registry.npm.taobao.org/, tarball: https://registry.npmmirror.com/unist-util-stringify-position/-/unist-util-stringify-position-4.0.0.tgz}
    name: unist-util-stringify-position
    version: 4.0.0
    dependencies:
      '@types/unist': registry.npmmirror.com/@types/unist/3.0.0
    dev: true

  registry.npmmirror.com/vfile-message/3.1.2:
    resolution: {integrity: sha512-QjSNP6Yxzyycd4SVOtmKKyTsSvClqBPJcd00Z0zuPj3hOIjg0rUPG6DbFGPvUKRgYyaIWLPKpuEclcuvb3H8qA==, registry: https://registry.npm.taobao.org/, tarball: https://registry.npmmirror.com/vfile-message/-/vfile-message-3.1.2.tgz}
    name: vfile-message
    version: 3.1.2
    dependencies:
      '@types/unist': registry.npmmirror.com/@types/unist/2.0.6
      unist-util-stringify-position: registry.npmmirror.com/unist-util-stringify-position/3.0.2
    dev: true

  registry.npmmirror.com/vfile-message/4.0.2:
    resolution: {integrity: sha512-jRDZ1IMLttGj41KcZvlrYAaI3CfqpLpfpf+Mfig13viT6NKvRzWZ+lXz0Y5D60w6uJIBAOGq9mSHf0gktF0duw==, registry: https://registry.npm.taobao.org/, tarball: https://registry.npmmirror.com/vfile-message/-/vfile-message-4.0.2.tgz}
    name: vfile-message
    version: 4.0.2
    dependencies:
      '@types/unist': registry.npmmirror.com/@types/unist/3.0.0
      unist-util-stringify-position: registry.npmmirror.com/unist-util-stringify-position/4.0.0
    dev: true

  registry.npmmirror.com/vfile/5.3.4:
    resolution: {integrity: sha512-KI+7cnst03KbEyN1+JE504zF5bJBZa+J+CrevLeyIMq0aPU681I2rQ5p4PlnQ6exFtWiUrg26QUdFMnAKR6PIw==, registry: https://registry.npm.taobao.org/, tarball: https://registry.npmmirror.com/vfile/-/vfile-5.3.4.tgz}
    name: vfile
    version: 5.3.4
    dependencies:
      '@types/unist': registry.npmmirror.com/@types/unist/2.0.6
      is-buffer: registry.npmmirror.com/is-buffer/2.0.5
      unist-util-stringify-position: registry.npmmirror.com/unist-util-stringify-position/3.0.2
      vfile-message: registry.npmmirror.com/vfile-message/3.1.2
    dev: true

  registry.npmmirror.com/vfile/6.0.1:
    resolution: {integrity: sha512-1bYqc7pt6NIADBJ98UiG0Bn/CHIVOoZ/IyEkqIruLg0mE1BKzkOXY2D6CSqQIcKqgadppE5lrxgWXJmXd7zZJw==, registry: https://registry.npm.taobao.org/, tarball: https://registry.npmmirror.com/vfile/-/vfile-6.0.1.tgz}
    name: vfile
    version: 6.0.1
    dependencies:
      '@types/unist': registry.npmmirror.com/@types/unist/3.0.0
      unist-util-stringify-position: registry.npmmirror.com/unist-util-stringify-position/4.0.0
      vfile-message: registry.npmmirror.com/vfile-message/4.0.2
    dev: true
